
Microsoft Visual Studio Solution File, Format Version 12.00
# Visual Studio Version 17
VisualStudioVersion = 17.2.32630.192
MinimumVisualStudioVersion = 10.0.40219.1
Project("{FAE04EC0-301F-11D3-BF4B-00C04F79EFBC}") = "Branch.Workspaces.Plugin", "Branch.Workspaces\Branch.Workspaces.Plugin.csproj", "{EC53726F-3521-4E9B-B96F-12AAAFABD986}"
EndProject
Project("{FAE04EC0-301F-11D3-BF4B-00C04F79EFBC}") = "Branch.Workspaces.Core", "Branch.Workspaces.Core\Branch.Workspaces.Core.csproj", "{42C038CC-1877-4BB3-B328-428C74B180D9}"
EndProject
Project("{FAE04EC0-301F-11D3-BF4B-00C04F79EFBC}") = "Branch.Workspaces.Infrastructure", "Branch.Workspaces.Infrastructure\Branch.Workspaces.Infrastructure.csproj", "{CC4CDDCA-06D3-4FB0-B6DC-D2F998F91E70}"
EndProject
Global
	GlobalSection(SolutionConfigurationPlatforms) = preSolution
		Debug|Any CPU = Debug|Any CPU
		Debug|x86 = Debug|x86
		Release|Any CPU = Release|Any CPU
		Release|x86 = Release|x86
	EndGlobalSection
	GlobalSection(ProjectConfigurationPlatforms) = postSolution
		{EC53726F-3521-4E9B-B96F-12AAAFABD986}.Debug|Any CPU.ActiveCfg = Debug|Any CPU
		{EC53726F-3521-4E9B-B96F-12AAAFABD986}.Debug|Any CPU.Build.0 = Debug|Any CPU
		{EC53726F-3521-4E9B-B96F-12AAAFABD986}.Debug|x86.ActiveCfg = Debug|x86
		{EC53726F-3521-4E9B-B96F-12AAAFABD986}.Debug|x86.Build.0 = Debug|x86
		{EC53726F-3521-4E9B-B96F-12AAAFABD986}.Release|Any CPU.ActiveCfg = Release|Any CPU
		{EC53726F-3521-4E9B-B96F-12AAAFABD986}.Release|Any CPU.Build.0 = Release|Any CPU
		{EC53726F-3521-4E9B-B96F-12AAAFABD986}.Release|x86.ActiveCfg = Release|x86
		{EC53726F-3521-4E9B-B96F-12AAAFABD986}.Release|x86.Build.0 = Release|x86
		{42C038CC-1877-4BB3-B328-428C74B180D9}.Debug|Any CPU.ActiveCfg = Debug|Any CPU
		{42C038CC-1877-4BB3-B328-428C74B180D9}.Debug|Any CPU.Build.0 = Debug|Any CPU
		{42C038CC-1877-4BB3-B328-428C74B180D9}.Debug|x86.ActiveCfg = Debug|Any CPU
		{42C038CC-1877-4BB3-B328-428C74B180D9}.Debug|x86.Build.0 = Debug|Any CPU
		{42C038CC-1877-4BB3-B328-428C74B180D9}.Release|Any CPU.ActiveCfg = Release|Any CPU
		{42C038CC-1877-4BB3-B328-428C74B180D9}.Release|Any CPU.Build.0 = Release|Any CPU
		{42C038CC-1877-4BB3-B328-428C74B180D9}.Release|x86.ActiveCfg = Release|Any CPU
		{42C038CC-1877-4BB3-B328-428C74B180D9}.Release|x86.Build.0 = Release|Any CPU
		{CC4CDDCA-06D3-4FB0-B6DC-D2F998F91E70}.Debug|Any CPU.ActiveCfg = Debug|Any CPU
		{CC4CDDCA-06D3-4FB0-B6DC-D2F998F91E70}.Debug|Any CPU.Build.0 = Debug|Any CPU
		{CC4CDDCA-06D3-4FB0-B6DC-D2F998F91E70}.Debug|x86.ActiveCfg = Debug|Any CPU
		{CC4CDDCA-06D3-4FB0-B6DC-D2F998F91E70}.Debug|x86.Build.0 = Debug|Any CPU
		{CC4CDDCA-06D3-4FB0-B6DC-D2F998F91E70}.Release|Any CPU.ActiveCfg = Release|Any CPU
		{CC4CDDCA-06D3-4FB0-B6DC-D2F998F91E70}.Release|Any CPU.Build.0 = Release|Any CPU
		{CC4CDDCA-06D3-4FB0-B6DC-D2F998F91E70}.Release|x86.ActiveCfg = Release|Any CPU
		{CC4CDDCA-06D3-4FB0-B6DC-D2F998F91E70}.Release|x86.Build.0 = Release|Any CPU
	EndGlobalSection
	GlobalSection(SolutionProperties) = preSolution
		HideSolutionNode = FALSE
	EndGlobalSection
	GlobalSection(ExtensibilityGlobals) = postSolution
		SolutionGuid = {0E41B8FD-2574-47BF-8D5F-C2E8027315FC}
	EndGlobalSection
EndGlobal
